
Microsoft Visual Studio Solution File, Format Version 12.00
# Visual Studio Version 17
VisualStudioVersion = 17.7.34024.191
MinimumVisualStudioVersion = 10.0.40219.1
Project("{FAE04EC0-301F-11D3-BF4B-00C04F79EFBC}") = "RandomCrazyGeneration", "RandomCrazyGeneration\RandomCrazyGeneration.csproj", "{31DFA2E7-9B32-4AD9-8FEB-D7501DA2AABD}"
EndProject
Global
	GlobalSection(SolutionConfigurationPlatforms) = preSolution
		Debug|Any CPU = Debug|Any CPU
		Release|Any CPU = Release|Any CPU
	EndGlobalSection
	GlobalSection(ProjectConfigurationPlatforms) = postSolution
		{31DFA2E7-9B32-4AD9-8FEB-D7501DA2AABD}.Debug|Any CPU.ActiveCfg = Debug|Any CPU
		{31DFA2E7-9B32-4AD9-8FEB-D7501DA2AABD}.Debug|Any CPU.Build.0 = Debug|Any CPU
		{31DFA2E7-9B32-4AD9-8FEB-D7501DA2AABD}.Release|Any CPU.ActiveCfg = Release|Any CPU
		{31DFA2E7-9B32-4AD9-8FEB-D7501DA2AABD}.Release|Any CPU.Build.0 = Release|Any CPU
	EndGlobalSection
	GlobalSection(SolutionProperties) = preSolution
		HideSolutionNode = FALSE
	EndGlobalSection
	GlobalSection(ExtensibilityGlobals) = postSolution
		SolutionGuid = {1766EEAD-F37E-4D36-8217-7FF0C43F743F}
	EndGlobalSection
EndGlobal
